
Microsoft Visual Studio Solution File, Format Version 12.00
# Visual Studio 15
VisualStudioVersion = 15.0.27428.2011
MinimumVisualStudioVersion = 10.0.40219.1
Project("{FAE04EC0-301F-11D3-BF4B-00C04F79EFBC}") = "AlarmPreRecording", "AlarmPreRecording\AlarmPreRecording.csproj", "{FF9422B4-58F3-4341-A6A8-88D9537FF741}"
EndProject
Global
	GlobalSection(SolutionConfigurationPlatforms) = preSolution
		Debug|Any CPU = Debug|Any CPU
		Release|Any CPU = Release|Any CPU
	EndGlobalSection
	GlobalSection(ProjectConfigurationPlatforms) = postSolution
		{FF9422B4-58F3-4341-A6A8-88D9537FF741}.Debug|Any CPU.ActiveCfg = Debug|Any CPU
		{FF9422B4-58F3-4341-A6A8-88D9537FF741}.Debug|Any CPU.Build.0 = Debug|Any CPU
		{FF9422B4-58F3-4341-A6A8-88D9537FF741}.Release|Any CPU.ActiveCfg = Release|Any CPU
		{FF9422B4-58F3-4341-A6A8-88D9537FF741}.Release|Any CPU.Build.0 = Release|Any CPU
	EndGlobalSection
	GlobalSection(SolutionProperties) = preSolution
		HideSolutionNode = FALSE
	EndGlobalSection
	GlobalSection(ExtensibilityGlobals) = postSolution
		SolutionGuid = {3A72B1E4-8C99-4B34-938A-DC2CFDD4B155}
	EndGlobalSection
EndGlobal
